
Microsoft Visual Studio Solution File, Format Version 12.00
# Visual Studio Version 16
VisualStudioVersion = 16.0.29409.12
MinimumVisualStudioVersion = 10.0.40219.1
Project("{E341BE88-8871-43A1-B145-258CC6B36D35}") = "Chaincoin.Node", "src\Chaincoin.Node\Chaincoin.Node.csproj", "{A1D3A867-9779-448C-8048-EAE6607C5DCB}"
EndProject
Project("{E341BE88-8871-43A1-B145-258CC6B36D35}") = "Chaincoin", "src\Chaincoin\Chaincoin.csproj", "{6CE2A66C-47E7-41FE-B3A3-338E27A4A964}"
EndProject
Global
	GlobalSection(SolutionConfigurationPlatforms) = preSolution
		Debug|Any CPU = Debug|Any CPU
		Release|Any CPU = Release|Any CPU
	EndGlobalSection
	GlobalSection(ProjectConfigurationPlatforms) = postSolution
		{A1D3A867-9779-448C-8048-EAE6607C5DCB}.Debug|Any CPU.ActiveCfg = Debug|Any CPU
		{A1D3A867-9779-448C-8048-EAE6607C5DCB}.Debug|Any CPU.Build.0 = Debug|Any CPU
		{A1D3A867-9779-448C-8048-EAE6607C5DCB}.Release|Any CPU.ActiveCfg = Release|Any CPU
		{A1D3A867-9779-448C-8048-EAE6607C5DCB}.Release|Any CPU.Build.0 = Release|Any CPU
		{6CE2A66C-47E7-41FE-B3A3-338E27A4A964}.Debug|Any CPU.ActiveCfg = Debug|Any CPU
		{6CE2A66C-47E7-41FE-B3A3-338E27A4A964}.Debug|Any CPU.Build.0 = Debug|Any CPU
		{6CE2A66C-47E7-41FE-B3A3-338E27A4A964}.Release|Any CPU.ActiveCfg = Release|Any CPU
		{6CE2A66C-47E7-41FE-B3A3-338E27A4A964}.Release|Any CPU.Build.0 = Release|Any CPU
	EndGlobalSection
	GlobalSection(SolutionProperties) = preSolution
		HideSolutionNode = FALSE
	EndGlobalSection
	GlobalSection(ExtensibilityGlobals) = postSolution
		SolutionGuid = {7635C9EE-6311-4DC9-B8BB-22A84912A672}
	EndGlobalSection
EndGlobal
